// !$*UTF8*$!
{
	archiveVersion = 1;
	classes = {
	};
	objectVersion = 55;
	objects = {

/* Begin PBXBuildFile section */
		DF235D4428BFDCB200089DE3 /* HomeNavigationStackView.swift in Sources */ = {isa = PBXBuildFile; fileRef = DF235D4328BFDCB200089DE3 /* HomeNavigationStackView.swift */; };
		DF2E6F9628C5F6DC00D1E334 /* User.swift in Sources */ = {isa = PBXBuildFile; fileRef = DF2E6F9528C5F6DC00D1E334 /* User.swift */; };
		DF2E6F9828C5FD7300D1E334 /* CardViewModel.swift in Sources */ = {isa = PBXBuildFile; fileRef = DF2E6F9728C5FD7300D1E334 /* CardViewModel.swift */; };
		DF470C3F28BFD85700C2699A /* AppDelegate.swift in Sources */ = {isa = PBXBuildFile; fileRef = DF470C3E28BFD85700C2699A /* AppDelegate.swift */; };
		DF470C4128BFD85700C2699A /* SceneDelegate.swift in Sources */ = {isa = PBXBuildFile; fileRef = DF470C4028BFD85700C2699A /* SceneDelegate.swift */; };
		DF470C4328BFD85700C2699A /* HomeViewController.swift in Sources */ = {isa = PBXBuildFile; fileRef = DF470C4228BFD85700C2699A /* HomeViewController.swift */; };
		DF470C4828BFD85B00C2699A /* Assets.xcassets in Resources */ = {isa = PBXBuildFile; fileRef = DF470C4728BFD85B00C2699A /* Assets.xcassets */; };
		DF470C4B28BFD85B00C2699A /* LaunchScreen.storyboard in Resources */ = {isa = PBXBuildFile; fileRef = DF470C4928BFD85B00C2699A /* LaunchScreen.storyboard */; };
		DF470C5E28BFDBB100C2699A /* Extensions.swift in Sources */ = {isa = PBXBuildFile; fileRef = DF470C5D28BFDBB100C2699A /* Extensions.swift */; };
		DF4A424D28C0AE8200E06A85 /* BottomControlsStackView.swift in Sources */ = {isa = PBXBuildFile; fileRef = DF4A424C28C0AE8200E06A85 /* BottomControlsStackView.swift */; };
		DF571B1728C7D5E80030BC64 /* LoginViewController.swift in Sources */ = {isa = PBXBuildFile; fileRef = DF571B1628C7D5E80030BC64 /* LoginViewController.swift */; };
		DF571B1928C7D6140030BC64 /* RegistrationViewController.swift in Sources */ = {isa = PBXBuildFile; fileRef = DF571B1828C7D6140030BC64 /* RegistrationViewController.swift */; };
		DF89789F28C1101E00E1DBD0 /* CardView.swift in Sources */ = {isa = PBXBuildFile; fileRef = DF89789E28C1101E00E1DBD0 /* CardView.swift */; };
		DFA64F1828CA524C00553ED6 /* CustomTextField.swift in Sources */ = {isa = PBXBuildFile; fileRef = DFA64F1728CA524C00553ED6 /* CustomTextField.swift */; };
		DFA64F1A28CA55BF00553ED6 /* AuthButton.swift in Sources */ = {isa = PBXBuildFile; fileRef = DFA64F1928CA55BF00553ED6 /* AuthButton.swift */; };
/* End PBXBuildFile section */

/* Begin PBXFileReference section */
		DF235D4328BFDCB200089DE3 /* HomeNavigationStackView.swift */ = {isa = PBXFileReference; lastKnownFileType = sourcecode.swift; path = HomeNavigationStackView.swift; sourceTree = "<group>"; };
		DF2E6F9528C5F6DC00D1E334 /* User.swift */ = {isa = PBXFileReference; lastKnownFileType = sourcecode.swift; path = User.swift; sourceTree = "<group>"; };
		DF2E6F9728C5FD7300D1E334 /* CardViewModel.swift */ = {isa = PBXFileReference; lastKnownFileType = sourcecode.swift; path = CardViewModel.swift; sourceTree = "<group>"; };
		DF470C3B28BFD85700C2699A /* TinderSwift.app */ = {isa = PBXFileReference; explicitFileType = wrapper.application; includeInIndex = 0; path = TinderSwift.app; sourceTree = BUILT_PRODUCTS_DIR; };
		DF470C3E28BFD85700C2699A /* AppDelegate.swift */ = {isa = PBXFileReference; lastKnownFileType = sourcecode.swift; path = AppDelegate.swift; sourceTree = "<group>"; };
		DF470C4028BFD85700C2699A /* SceneDelegate.swift */ = {isa = PBXFileReference; lastKnownFileType = sourcecode.swift; path = SceneDelegate.swift; sourceTree = "<group>"; };
		DF470C4228BFD85700C2699A /* HomeViewController.swift */ = {isa = PBXFileReference; lastKnownFileType = sourcecode.swift; path = HomeViewController.swift; sourceTree = "<group>"; };
		DF470C4728BFD85B00C2699A /* Assets.xcassets */ = {isa = PBXFileReference; lastKnownFileType = folder.assetcatalog; path = Assets.xcassets; sourceTree = "<group>"; };
		DF470C4A28BFD85B00C2699A /* Base */ = {isa = PBXFileReference; lastKnownFileType = file.storyboard; name = Base; path = Base.lproj/LaunchScreen.storyboard; sourceTree = "<group>"; };
		DF470C4C28BFD85B00C2699A /* Info.plist */ = {isa = PBXFileReference; lastKnownFileType = text.plist.xml; path = Info.plist; sourceTree = "<group>"; };
		DF470C5D28BFDBB100C2699A /* Extensions.swift */ = {isa = PBXFileReference; lastKnownFileType = sourcecode.swift; path = Extensions.swift; sourceTree = "<group>"; };
		DF4A424C28C0AE8200E06A85 /* BottomControlsStackView.swift */ = {isa = PBXFileReference; lastKnownFileType = sourcecode.swift; path = BottomControlsStackView.swift; sourceTree = "<group>"; };
		DF571B1628C7D5E80030BC64 /* LoginViewController.swift */ = {isa = PBXFileReference; lastKnownFileType = sourcecode.swift; path = LoginViewController.swift; sourceTree = "<group>"; };
		DF571B1828C7D6140030BC64 /* RegistrationViewController.swift */ = {isa = PBXFileReference; lastKnownFileType = sourcecode.swift; path = RegistrationViewController.swift; sourceTree = "<group>"; };
		DF89789E28C1101E00E1DBD0 /* CardView.swift */ = {isa = PBXFileReference; lastKnownFileType = sourcecode.swift; path = CardView.swift; sourceTree = "<group>"; };
		DFA64F1728CA524C00553ED6 /* CustomTextField.swift */ = {isa = PBXFileReference; lastKnownFileType = sourcecode.swift; path = CustomTextField.swift; sourceTree = "<group>"; };
		DFA64F1928CA55BF00553ED6 /* AuthButton.swift */ = {isa = PBXFileReference; lastKnownFileType = sourcecode.swift; path = AuthButton.swift; sourceTree = "<group>"; };
/* End PBXFileReference section */

/* Begin PBXFrameworksBuildPhase section */
		DF470C3828BFD85700C2699A /* Frameworks */ = {
			isa = PBXFrameworksBuildPhase;
			buildActionMask = 2147483647;
			files = (
			);
			runOnlyForDeploymentPostprocessing = 0;
		};
/* End PBXFrameworksBuildPhase section */

/* Begin PBXGroup section */
		DF470C3228BFD85700C2699A = {
			isa = PBXGroup;
			children = (
				DF470C3D28BFD85700C2699A /* TinderSwift */,
				DF470C3C28BFD85700C2699A /* Products */,
			);
			sourceTree = "<group>";
		};
		DF470C3C28BFD85700C2699A /* Products */ = {
			isa = PBXGroup;
			children = (
				DF470C3B28BFD85700C2699A /* TinderSwift.app */,
			);
			name = Products;
			sourceTree = "<group>";
		};
		DF470C3D28BFD85700C2699A /* TinderSwift */ = {
			isa = PBXGroup;
			children = (
				DF470C5A28BFD8BA00C2699A /* Model */,
				DF470C5528BFD8B200C2699A /* View */,
				DF470C5928BFD8B800C2699A /* ViewModel */,
				DF470C5828BFD8B700C2699A /* Controller */,
				DF470C5728BFD8B500C2699A /* API */,
				DF470C5628BFD8B400C2699A /* Utils */,
				DF571B1A28C7D6C50030BC64 /* Resources */,
				DF470C4928BFD85B00C2699A /* LaunchScreen.storyboard */,
				DF470C4C28BFD85B00C2699A /* Info.plist */,
			);
			path = TinderSwift;
			sourceTree = "<group>";
		};
		DF470C5528BFD8B200C2699A /* View */ = {
			isa = PBXGroup;
			children = (
				DF235D4328BFDCB200089DE3 /* HomeNavigationStackView.swift */,
				DF4A424C28C0AE8200E06A85 /* BottomControlsStackView.swift */,
				DF89789E28C1101E00E1DBD0 /* CardView.swift */,
				DFA64F1728CA524C00553ED6 /* CustomTextField.swift */,
				DFA64F1928CA55BF00553ED6 /* AuthButton.swift */,
			);
			path = View;
			sourceTree = "<group>";
		};
		DF470C5628BFD8B400C2699A /* Utils */ = {
			isa = PBXGroup;
			children = (
				DF470C5D28BFDBB100C2699A /* Extensions.swift */,
			);
			path = Utils;
			sourceTree = "<group>";
		};
		DF470C5728BFD8B500C2699A /* API */ = {
			isa = PBXGroup;
			children = (
			);
			path = API;
			sourceTree = "<group>";
		};
		DF470C5828BFD8B700C2699A /* Controller */ = {
			isa = PBXGroup;
			children = (
				DF571B1528C7D5B00030BC64 /* Auth */,
				DF470C4228BFD85700C2699A /* HomeViewController.swift */,
			);
			path = Controller;
			sourceTree = "<group>";
		};
		DF470C5928BFD8B800C2699A /* ViewModel */ = {
			isa = PBXGroup;
			children = (
				DF2E6F9728C5FD7300D1E334 /* CardViewModel.swift */,
			);
			path = ViewModel;
			sourceTree = "<group>";
		};
		DF470C5A28BFD8BA00C2699A /* Model */ = {
			isa = PBXGroup;
			children = (
				DF2E6F9528C5F6DC00D1E334 /* User.swift */,
			);
			path = Model;
			sourceTree = "<group>";
		};
		DF571B1528C7D5B00030BC64 /* Auth */ = {
			isa = PBXGroup;
			children = (
				DF571B1628C7D5E80030BC64 /* LoginViewController.swift */,
				DF571B1828C7D6140030BC64 /* RegistrationViewController.swift */,
			);
			path = Auth;
			sourceTree = "<group>";
		};
		DF571B1A28C7D6C50030BC64 /* Resources */ = {
			isa = PBXGroup;
			children = (
				DF470C3E28BFD85700C2699A /* AppDelegate.swift */,
				DF470C4028BFD85700C2699A /* SceneDelegate.swift */,
				DF470C4728BFD85B00C2699A /* Assets.xcassets */,
			);
			path = Resources;
			sourceTree = "<group>";
		};
/* End PBXGroup section */

/* Begin PBXNativeTarget section */
		DF470C3A28BFD85700C2699A /* TinderSwift */ = {
			isa = PBXNativeTarget;
			buildConfigurationList = DF470C4F28BFD85B00C2699A /* Build configuration list for PBXNativeTarget "TinderSwift" */;
			buildPhases = (
				DF470C3728BFD85700C2699A /* Sources */,
				DF470C3828BFD85700C2699A /* Frameworks */,
				DF470C3928BFD85700C2699A /* Resources */,
			);
			buildRules = (
			);
			dependencies = (
			);
			name = TinderSwift;
			productName = TinderSwift;
			productReference = DF470C3B28BFD85700C2699A /* TinderSwift.app */;
			productType = "com.apple.product-type.application";
		};
/* End PBXNativeTarget section */

/* Begin PBXProject section */
		DF470C3328BFD85700C2699A /* Project object */ = {
			isa = PBXProject;
			attributes = {
				BuildIndependentTargetsInParallel = 1;
				LastSwiftUpdateCheck = 1340;
				LastUpgradeCheck = 1340;
				TargetAttributes = {
					DF470C3A28BFD85700C2699A = {
						CreatedOnToolsVersion = 13.4.1;
					};
				};
			};
			buildConfigurationList = DF470C3628BFD85700C2699A /* Build configuration list for PBXProject "TinderSwift" */;
			compatibilityVersion = "Xcode 13.0";
			developmentRegion = en;
			hasScannedForEncodings = 0;
			knownRegions = (
				en,
				Base,
			);
			mainGroup = DF470C3228BFD85700C2699A;
			productRefGroup = DF470C3C28BFD85700C2699A /* Products */;
			projectDirPath = "";
			projectRoot = "";
			targets = (
				DF470C3A28BFD85700C2699A /* TinderSwift */,
			);
		};
/* End PBXProject section */

/* Begin PBXResourcesBuildPhase section */
		DF470C3928BFD85700C2699A /* Resources */ = {
			isa = PBXResourcesBuildPhase;
			buildActionMask = 2147483647;
			files = (
				DF470C4B28BFD85B00C2699A /* LaunchScreen.storyboard in Resources */,
				DF470C4828BFD85B00C2699A /* Assets.xcassets in Resources */,
			);
			runOnlyForDeploymentPostprocessing = 0;
		};
/* End PBXResourcesBuildPhase section */

/* Begin PBXSourcesBuildPhase section */
		DF470C3728BFD85700C2699A /* Sources */ = {
			isa = PBXSourcesBuildPhase;
			buildActionMask = 2147483647;
			files = (
				DF89789F28C1101E00E1DBD0 /* CardView.swift in Sources */,
				DFA64F1A28CA55BF00553ED6 /* AuthButton.swift in Sources */,
				DF4A424D28C0AE8200E06A85 /* BottomControlsStackView.swift in Sources */,
				DF470C5E28BFDBB100C2699A /* Extensions.swift in Sources */,
				DF571B1928C7D6140030BC64 /* RegistrationViewController.swift in Sources */,
				DF470C4328BFD85700C2699A /* HomeViewController.swift in Sources */,
				DF2E6F9628C5F6DC00D1E334 /* User.swift in Sources */,
				DF235D4428BFDCB200089DE3 /* HomeNavigationStackView.swift in Sources */,
				DF470C3F28BFD85700C2699A /* AppDelegate.swift in Sources */,
				DFA64F1828CA524C00553ED6 /* CustomTextField.swift in Sources */,
				DF470C4128BFD85700C2699A /* SceneDelegate.swift in Sources */,
				DF571B1728C7D5E80030BC64 /* LoginViewController.swift in Sources */,
				DF2E6F9828C5FD7300D1E334 /* CardViewModel.swift in Sources */,
			);
			runOnlyForDeploymentPostprocessing = 0;
		};
/* End PBXSourcesBuildPhase section */

/* Begin PBXVariantGroup section */
		DF470C4928BFD85B00C2699A /* LaunchScreen.storyboard */ = {
			isa = PBXVariantGroup;
			children = (
				DF470C4A28BFD85B00C2699A /* Base */,
			);
			name = LaunchScreen.storyboard;
			sourceTree = "<group>";
		};
/* End PBXVariantGroup section */

/* Begin XCBuildConfiguration section */
		DF470C4D28BFD85B00C2699A /* Debug */ = {
			isa = XCBuildConfiguration;
			buildSettings = {
				ALWAYS_SEARCH_USER_PATHS = NO;
				CLANG_ANALYZER_NONNULL = YES;
				CLANG_ANALYZER_NUMBER_OBJECT_CONVERSION = YES_AGGRESSIVE;
				CLANG_CXX_LANGUAGE_STANDARD = "gnu++17";
				CLANG_ENABLE_MODULES = YES;
				CLANG_ENABLE_OBJC_ARC = YES;
				CLANG_ENABLE_OBJC_WEAK = YES;
				CLANG_WARN_BLOCK_CAPTURE_AUTORELEASING = YES;
				CLANG_WARN_BOOL_CONVERSION = YES;
				CLANG_WARN_COMMA = YES;
				CLANG_WARN_CONSTANT_CONVERSION = YES;
				CLANG_WARN_DEPRECATED_OBJC_IMPLEMENTATIONS = YES;
				CLANG_WARN_DIRECT_OBJC_ISA_USAGE = YES_ERROR;
				CLANG_WARN_DOCUMENTATION_COMMENTS = YES;
				CLANG_WARN_EMPTY_BODY = YES;
				CLANG_WARN_ENUM_CONVERSION = YES;
				CLANG_WARN_INFINITE_RECURSION = YES;
				CLANG_WARN_INT_CONVERSION = YES;
				CLANG_WARN_NON_LITERAL_NULL_CONVERSION = YES;
				CLANG_WARN_OBJC_IMPLICIT_RETAIN_SELF = YES;
				CLANG_WARN_OBJC_LITERAL_CONVERSION = YES;
				CLANG_WARN_OBJC_ROOT_CLASS = YES_ERROR;
				CLANG_WARN_QUOTED_INCLUDE_IN_FRAMEWORK_HEADER = YES;
				CLANG_WARN_RANGE_LOOP_ANALYSIS = YES;
				CLANG_WARN_STRICT_PROTOTYPES = YES;
				CLANG_WARN_SUSPICIOUS_MOVE = YES;
				CLANG_WARN_UNGUARDED_AVAILABILITY = YES_AGGRESSIVE;
				CLANG_WARN_UNREACHABLE_CODE = YES;
				CLANG_WARN__DUPLICATE_METHOD_MATCH = YES;
				COPY_PHASE_STRIP = NO;
				DEBUG_INFORMATION_FORMAT = dwarf;
				ENABLE_STRICT_OBJC_MSGSEND = YES;
				ENABLE_TESTABILITY = YES;
				GCC_C_LANGUAGE_STANDARD = gnu11;
				GCC_DYNAMIC_NO_PIC = NO;
				GCC_NO_COMMON_BLOCKS = YES;
				GCC_OPTIMIZATION_LEVEL = 0;
				GCC_PREPROCESSOR_DEFINITIONS = (
					"DEBUG=1",
					"$(inherited)",
				);
				GCC_WARN_64_TO_32_BIT_CONVERSION = YES;
				GCC_WARN_ABOUT_RETURN_TYPE = YES_ERROR;
				GCC_WARN_UNDECLARED_SELECTOR = YES;
				GCC_WARN_UNINITIALIZED_AUTOS = YES_AGGRESSIVE;
				GCC_WARN_UNUSED_FUNCTION = YES;
				GCC_WARN_UNUSED_VARIABLE = YES;
				IPHONEOS_DEPLOYMENT_TARGET = 15.5;
				MTL_ENABLE_DEBUG_INFO = INCLUDE_SOURCE;
				MTL_FAST_MATH = YES;
				ONLY_ACTIVE_ARCH = YES;
				SDKROOT = iphoneos;
				SWIFT_ACTIVE_COMPILATION_CONDITIONS = DEBUG;
				SWIFT_OPTIMIZATION_LEVEL = "-Onone";
			};
			name = Debug;
		};
		DF470C4E28BFD85B00C2699A /* Release */ = {
			isa = XCBuildConfiguration;
			buildSettings = {
				ALWAYS_SEARCH_USER_PATHS = NO;
				CLANG_ANALYZER_NONNULL = YES;
				CLANG_ANALYZER_NUMBER_OBJECT_CONVERSION = YES_AGGRESSIVE;
				CLANG_CXX_LANGUAGE_STANDARD = "gnu++17";
				CLANG_ENABLE_MODULES = YES;
				CLANG_ENABLE_OBJC_ARC = YES;
				CLANG_ENABLE_OBJC_WEAK = YES;
				CLANG_WARN_BLOCK_CAPTURE_AUTORELEASING = YES;
				CLANG_WARN_BOOL_CONVERSION = YES;
				CLANG_WARN_COMMA = YES;
				CLANG_WARN_CONSTANT_CONVERSION = YES;
				CLANG_WARN_DEPRECATED_OBJC_IMPLEMENTATIONS = YES;
				CLANG_WARN_DIRECT_OBJC_ISA_USAGE = YES_ERROR;
				CLANG_WARN_DOCUMENTATION_COMMENTS = YES;
				CLANG_WARN_EMPTY_BODY = YES;
				CLANG_WARN_ENUM_CONVERSION = YES;
				CLANG_WARN_INFINITE_RECURSION = YES;
				CLANG_WARN_INT_CONVERSION = YES;
				CLANG_WARN_NON_LITERAL_NULL_CONVERSION = YES;
				CLANG_WARN_OBJC_IMPLICIT_RETAIN_SELF = YES;
				CLANG_WARN_OBJC_LITERAL_CONVERSION = YES;
				CLANG_WARN_OBJC_ROOT_CLASS = YES_ERROR;
				CLANG_WARN_QUOTED_INCLUDE_IN_FRAMEWORK_HEADER = YES;
				CLANG_WARN_RANGE_LOOP_ANALYSIS = YES;
				CLANG_WARN_STRICT_PROTOTYPES = YES;
				CLANG_WARN_SUSPICIOUS_MOVE = YES;
				CLANG_WARN_UNGUARDED_AVAILABILITY = YES_AGGRESSIVE;
				CLANG_WARN_UNREACHABLE_CODE = YES;
				CLANG_WARN__DUPLICATE_METHOD_MATCH = YES;
				COPY_PHASE_STRIP = NO;
				DEBUG_INFORMATION_FORMAT = "dwarf-with-dsym";
				ENABLE_NS_ASSERTIONS = NO;
				ENABLE_STRICT_OBJC_MSGSEND = YES;
				GCC_C_LANGUAGE_STANDARD = gnu11;
				GCC_NO_COMMON_BLOCKS = YES;
				GCC_WARN_64_TO_32_BIT_CONVERSION = YES;
				GCC_WARN_ABOUT_RETURN_TYPE = YES_ERROR;
				GCC_WARN_UNDECLARED_SELECTOR = YES;
				GCC_WARN_UNINITIALIZED_AUTOS = YES_AGGRESSIVE;
				GCC_WARN_UNUSED_FUNCTION = YES;
				GCC_WARN_UNUSED_VARIABLE = YES;
				IPHONEOS_DEPLOYMENT_TARGET = 15.5;
				MTL_ENABLE_DEBUG_INFO = NO;
				MTL_FAST_MATH = YES;
				SDKROOT = iphoneos;
				SWIFT_COMPILATION_MODE = wholemodule;
				SWIFT_OPTIMIZATION_LEVEL = "-O";
				VALIDATE_PRODUCT = YES;
			};
			name = Release;
		};
		DF470C5028BFD85B00C2699A /* Debug */ = {
			isa = XCBuildConfiguration;
			buildSettings = {
				ASSETCATALOG_COMPILER_APPICON_NAME = AppIcon;
				ASSETCATALOG_COMPILER_GLOBAL_ACCENT_COLOR_NAME = AccentColor;
				CODE_SIGN_STYLE = Automatic;
				CURRENT_PROJECT_VERSION = 1;
				DEVELOPMENT_TEAM = UNQVQM5ZA2;
				GENERATE_INFOPLIST_FILE = YES;
				INFOPLIST_FILE = TinderSwift/Info.plist;
				INFOPLIST_KEY_UIApplicationSupportsIndirectInputEvents = YES;
				INFOPLIST_KEY_UILaunchStoryboardName = LaunchScreen;
				INFOPLIST_KEY_UISupportedInterfaceOrientations_iPad = "UIInterfaceOrientationPortrait UIInterfaceOrientationPortraitUpsideDown UIInterfaceOrientationLandscapeLeft UIInterfaceOrientationLandscapeRight";
				INFOPLIST_KEY_UISupportedInterfaceOrientations_iPhone = "UIInterfaceOrientationPortrait UIInterfaceOrientationLandscapeLeft UIInterfaceOrientationLandscapeRight";
				LD_RUNPATH_SEARCH_PATHS = (
					"$(inherited)",
					"@executable_path/Frameworks",
				);
				MARKETING_VERSION = 1.0;
				PRODUCT_BUNDLE_IDENTIFIER = Practice.TinderSwift;
				PRODUCT_NAME = "$(TARGET_NAME)";
				SWIFT_EMIT_LOC_STRINGS = YES;
				SWIFT_VERSION = 5.0;
				TARGETED_DEVICE_FAMILY = "1,2";
			};
			name = Debug;
		};
		DF470C5128BFD85B00C2699A /* Release */ = {
			isa = XCBuildConfiguration;
			buildSettings = {
				ASSETCATALOG_COMPILER_APPICON_NAME = AppIcon;
				ASSETCATALOG_COMPILER_GLOBAL_ACCENT_COLOR_NAME = AccentColor;
				CODE_SIGN_STYLE = Automatic;
				CURRENT_PROJECT_VERSION = 1;
				DEVELOPMENT_TEAM = UNQVQM5ZA2;
				GENERATE_INFOPLIST_FILE = YES;
				INFOPLIST_FILE = TinderSwift/Info.plist;
				INFOPLIST_KEY_UIApplicationSupportsIndirectInputEvents = YES;
				INFOPLIST_KEY_UILaunchStoryboardName = LaunchScreen;
				INFOPLIST_KEY_UISupportedInterfaceOrientations_iPad = "UIInterfaceOrientationPortrait UIInterfaceOrientationPortraitUpsideDown UIInterfaceOrientationLandscapeLeft UIInterfaceOrientationLandscapeRight";
				INFOPLIST_KEY_UISupportedInterfaceOrientations_iPhone = "UIInterfaceOrientationPortrait UIInterfaceOrientationLandscapeLeft UIInterfaceOrientationLandscapeRight";
				LD_RUNPATH_SEARCH_PATHS = (
					"$(inherited)",
					"@executable_path/Frameworks",
				);
				MARKETING_VERSION = 1.0;
				PRODUCT_BUNDLE_IDENTIFIER = Practice.TinderSwift;
				PRODUCT_NAME = "$(TARGET_NAME)";
				SWIFT_EMIT_LOC_STRINGS = YES;
				SWIFT_VERSION = 5.0;
				TARGETED_DEVICE_FAMILY = "1,2";
			};
			name = Release;
		};
/* End XCBuildConfiguration section */

/* Begin XCConfigurationList section */
		DF470C3628BFD85700C2699A /* Build configuration list for PBXProject "TinderSwift" */ = {
			isa = XCConfigurationList;
			buildConfigurations = (
				DF470C4D28BFD85B00C2699A /* Debug */,
				DF470C4E28BFD85B00C2699A /* Release */,
			);
			defaultConfigurationIsVisible = 0;
			defaultConfigurationName = Release;
		};
		DF470C4F28BFD85B00C2699A /* Build configuration list for PBXNativeTarget "TinderSwift" */ = {
			isa = XCConfigurationList;
			buildConfigurations = (
				DF470C5028BFD85B00C2699A /* Debug */,
				DF470C5128BFD85B00C2699A /* Release */,
			);
			defaultConfigurationIsVisible = 0;
			defaultConfigurationName = Release;
		};
/* End XCConfigurationList section */
	};
	rootObject = DF470C3328BFD85700C2699A /* Project object */;
}
